
Microsoft Visual Studio Solution File, Format Version 12.00
# Visual Studio 2013
VisualStudioVersion = 12.0.31101.0
MinimumVisualStudioVersion = 10.0.40219.1
Project("{FAE04EC0-301F-11D3-BF4B-00C04F79EFBC}") = "Digital Library", "Digital Library\Digital Library.csproj", "{1EBFA1FF-522A-4E86-BDDD-8200D82BD40C}"
EndProject
Project("{FAE04EC0-301F-11D3-BF4B-00C04F79EFBC}") = "DAL", "DAL\DAL.csproj", "{C3DF7D4B-D33F-4A58-9F2A-3E81ED7440E4}"
EndProject
Project("{FAE04EC0-301F-11D3-BF4B-00C04F79EFBC}") = "BL", "BL\BL.csproj", "{B8A10747-0C62-4C2E-81EA-CF55250979A1}"
EndProject
Project("{FAE04EC0-301F-11D3-BF4B-00C04F79EFBC}") = "Entity", "Entity\Entity.csproj", "{FAB9D565-B87B-4986-A804-5F3FEF928B20}"
EndProject
Global
	GlobalSection(SolutionConfigurationPlatforms) = preSolution
		Debug|Any CPU = Debug|Any CPU
		Release|Any CPU = Release|Any CPU
	EndGlobalSection
	GlobalSection(ProjectConfigurationPlatforms) = postSolution
		{1EBFA1FF-522A-4E86-BDDD-8200D82BD40C}.Debug|Any CPU.ActiveCfg = Debug|Any CPU
		{1EBFA1FF-522A-4E86-BDDD-8200D82BD40C}.Debug|Any CPU.Build.0 = Debug|Any CPU
		{1EBFA1FF-522A-4E86-BDDD-8200D82BD40C}.Release|Any CPU.ActiveCfg = Release|Any CPU
		{1EBFA1FF-522A-4E86-BDDD-8200D82BD40C}.Release|Any CPU.Build.0 = Release|Any CPU
		{C3DF7D4B-D33F-4A58-9F2A-3E81ED7440E4}.Debug|Any CPU.ActiveCfg = Debug|Any CPU
		{C3DF7D4B-D33F-4A58-9F2A-3E81ED7440E4}.Debug|Any CPU.Build.0 = Debug|Any CPU
		{C3DF7D4B-D33F-4A58-9F2A-3E81ED7440E4}.Release|Any CPU.ActiveCfg = Release|Any CPU
		{C3DF7D4B-D33F-4A58-9F2A-3E81ED7440E4}.Release|Any CPU.Build.0 = Release|Any CPU
		{B8A10747-0C62-4C2E-81EA-CF55250979A1}.Debug|Any CPU.ActiveCfg = Debug|Any CPU
		{B8A10747-0C62-4C2E-81EA-CF55250979A1}.Debug|Any CPU.Build.0 = Debug|Any CPU
		{B8A10747-0C62-4C2E-81EA-CF55250979A1}.Release|Any CPU.ActiveCfg = Release|Any CPU
		{B8A10747-0C62-4C2E-81EA-CF55250979A1}.Release|Any CPU.Build.0 = Release|Any CPU
		{FAB9D565-B87B-4986-A804-5F3FEF928B20}.Debug|Any CPU.ActiveCfg = Debug|Any CPU
		{FAB9D565-B87B-4986-A804-5F3FEF928B20}.Debug|Any CPU.Build.0 = Debug|Any CPU
		{FAB9D565-B87B-4986-A804-5F3FEF928B20}.Release|Any CPU.ActiveCfg = Release|Any CPU
		{FAB9D565-B87B-4986-A804-5F3FEF928B20}.Release|Any CPU.Build.0 = Release|Any CPU
	EndGlobalSection
	GlobalSection(SolutionProperties) = preSolution
		HideSolutionNode = FALSE
	EndGlobalSection
EndGlobal
